{
  "version": 4,
  "terraform_version": "1.9.8",
  "serial": 3,
  "lineage": "c8df1f8a-80b5-e4b0-f5c2-316f8f46ac46",
  "outputs": {},
  "resources": [
    {
      "mode": "managed",
      "type": "local_file",
      "name": "name1",
      "provider": "provider[\"registry.terraform.io/hashicorp/local\"]",
      "instances": [
        {
          "schema_version": 0,
          "attributes": {
            "content": "This is random String from RP : s]GrAC?oW#",
            "content_base64": null,
            "content_base64sha256": "2Q2PAjcdy11gfxC/Pp5pDodxuqzy6kV1kalWn0zwJUQ=",
            "content_base64sha512": "uaNEzSd7btgqP1yCJCjA9fOFLC8x4pch8UW8qEjhkfR0D+wybZBZsEFVXWRCil2+H/a1CnDTPCdsRqUrnsORfw==",
            "content_md5": "12276081beb8a271f94023275dd258fe",
            "content_sha1": "7632b0eb241d6f1cbc5882d3249518af1cf25a4d",
            "content_sha256": "d90d8f02371dcb5d607f10bf3e9e690e8771baacf2ea457591a9569f4cf02544",
            "content_sha512": "b9a344cd277b6ed82a3f5c822428c0f5f3852c2f31e29721f145bca848e191f4740fec326d9059b041555d64428a5dbe1ff6b50a70d33c276c46a52b9ec3917f",
            "directory_permission": "0777",
            "file_permission": "0777",
            "filename": "explicit.txt",
            "id": "7632b0eb241d6f1cbc5882d3249518af1cf25a4d",
            "sensitive_content": null,
            "source": null
          },
          "sensitive_attributes": [
            [
              {
                "type": "get_attr",
                "value": "sensitive_content"
              }
            ]
          ],
          "dependencies": [
            "random_string.name1"
          ]
        }
      ]
    },
    {
      "mode": "managed",
      "type": "random_string",
      "name": "name1",
      "provider": "provider[\"registry.terraform.io/hashicorp/random\"]",
      "instances": [
        {
          "schema_version": 2,
          "attributes": {
            "id": "s]GrAC?oW#",
            "keepers": null,
            "length": 10,
            "lower": true,
            "min_lower": 0,
            "min_numeric": 0,
            "min_special": 0,
            "min_upper": 0,
            "number": true,
            "numeric": true,
            "override_special": null,
            "result": "s]GrAC?oW#",
            "special": true,
            "upper": true
          },
          "sensitive_attributes": []
        }
      ]
    }
  ],
  "check_results": null
}
