{
  "version": 4,
  "terraform_version": "1.9.8",
  "serial": 1,
  "lineage": "10382ca6-37ce-1193-014d-9d9b905ecffd",
  "outputs": {},
  "resources": [
    {
      "mode": "managed",
      "type": "local_file",
      "name": "cat_res",
      "provider": "provider[\"registry.terraform.io/hashicorp/local\"]",
      "instances": [
        {
          "schema_version": 0,
          "attributes": {
            "content": "I Love Cats",
            "content_base64": null,
            "content_base64sha256": "HHgEDeQu/Yh+Ej+YNvhD4+6rFl2FqUqVXa4tgJ/MApo=",
            "content_base64sha512": "SlU08yn7c13crmGJJ0TNroKdv56xBmV2pioQCllS0maMgds+RigaACbYYHaN24OIzpDSTiUYC4q0DkFKMTlSfw==",
            "content_md5": "b8deeb7fefeb3fd5ad4f6bd84945d9d1",
            "content_sha1": "b617425fd6baeb5d3de076e40073dcad18a9d196",
            "content_sha256": "1c78040de42efd887e123f9836f843e3eeab165d85a94a955dae2d809fcc029a",
            "content_sha512": "4a5534f329fb735ddcae61892744cdae829dbf9eb1066576a62a100a5952d2668c81db3e46281a0026d860768ddb8388ce90d24e25180b8ab40e414a3139527f",
            "directory_permission": "0777",
            "file_permission": "0777",
            "filename": "cat.txt",
            "id": "b617425fd6baeb5d3de076e40073dcad18a9d196",
            "sensitive_content": null,
            "source": null
          },
          "sensitive_attributes": [
            [
              {
                "type": "get_attr",
                "value": "sensitive_content"
              }
            ]
          ]
        }
      ]
    },
    {
      "mode": "managed",
      "type": "local_file",
      "name": "dog_res",
      "provider": "provider[\"registry.terraform.io/hashicorp/local\"]",
      "instances": [
        {
          "schema_version": 0,
          "attributes": {
            "content": "I Love Dogs",
            "content_base64": null,
            "content_base64sha256": "XDXm2ycMifvm8xE4qq6mypUesZh+hv8vcp8t0/KAEwI=",
            "content_base64sha512": "8Ae4vrS4nxw+E0cNx87FgoT7JC8P1yurvp9nfijZtDmdwZeF5fbzaUG709hN/KoyZHBA/MWY2QcvTEerkdca/Q==",
            "content_md5": "6d61c8c0c5d8e37c8137ef63ee17cef2",
            "content_sha1": "20424c14c834dcc4224996305deb34842cca1247",
            "content_sha256": "5c35e6db270c89fbe6f31138aaaea6ca951eb1987e86ff2f729f2dd3f2801302",
            "content_sha512": "f007b8beb4b89f1c3e13470dc7cec58284fb242f0fd72babbe9f677e28d9b4399dc19785e5f6f36941bbd3d84dfcaa32647040fcc598d9072f4c47ab91d71afd",
            "directory_permission": "0777",
            "file_permission": "0777",
            "filename": "dog.txt",
            "id": "20424c14c834dcc4224996305deb34842cca1247",
            "sensitive_content": null,
            "source": null
          },
          "sensitive_attributes": [
            [
              {
                "type": "get_attr",
                "value": "sensitive_content"
              }
            ]
          ]
        }
      ]
    }
  ],
  "check_results": null
}
